
Microsoft Visual Studio Solution File, Format Version 11.00
# Visual Studio 2010
Project("{FAE04EC0-301F-11D3-BF4B-00C04F79EFBC}") = "ORCLScriptCreateDemo", "ORCLScriptCreateDemo\ORCLScriptCreateDemo.csproj", "{B418BF4B-71F8-4903-8E82-7237483A919C}"
EndProject
Global
	GlobalSection(SolutionConfigurationPlatforms) = preSolution
		Debug|x86 = Debug|x86
		Release|x86 = Release|x86
	EndGlobalSection
	GlobalSection(ProjectConfigurationPlatforms) = postSolution
		{B418BF4B-71F8-4903-8E82-7237483A919C}.Debug|x86.ActiveCfg = Debug|x86
		{B418BF4B-71F8-4903-8E82-7237483A919C}.Debug|x86.Build.0 = Debug|x86
		{B418BF4B-71F8-4903-8E82-7237483A919C}.Release|x86.ActiveCfg = Release|x86
		{B418BF4B-71F8-4903-8E82-7237483A919C}.Release|x86.Build.0 = Release|x86
	EndGlobalSection
	GlobalSection(SolutionProperties) = preSolution
		HideSolutionNode = FALSE
	EndGlobalSection
EndGlobal
